// !$*UTF8*$!
{
	archiveVersion = 1;
	classes = {
	};
	objectVersion = 51;
	objects = {

/* Begin PBXBuildFile section */
		7A35917F23E397E000ECF1A6 /* AppDelegate.swift in Sources */ = {isa = PBXBuildFile; fileRef = 7A35917E23E397E000ECF1A6 /* AppDelegate.swift */; };
		7A35918123E397E000ECF1A6 /* SceneDelegate.swift in Sources */ = {isa = PBXBuildFile; fileRef = 7A35918023E397E000ECF1A6 /* SceneDelegate.swift */; };
		7A35918623E397E000ECF1A6 /* Main.storyboard in Resources */ = {isa = PBXBuildFile; fileRef = 7A35918423E397E000ECF1A6 /* Main.storyboard */; };
		7A35918823E397E500ECF1A6 /* Assets.xcassets in Resources */ = {isa = PBXBuildFile; fileRef = 7A35918723E397E500ECF1A6 /* Assets.xcassets */; };
		7A35918B23E397E500ECF1A6 /* LaunchScreen.storyboard in Resources */ = {isa = PBXBuildFile; fileRef = 7A35918923E397E500ECF1A6 /* LaunchScreen.storyboard */; };
		7A35919623E397E500ECF1A6 /* flixTests.swift in Sources */ = {isa = PBXBuildFile; fileRef = 7A35919523E397E500ECF1A6 /* flixTests.swift */; };
		7A3591A123E39B2E00ECF1A6 /* MoviesViewController.swift in Sources */ = {isa = PBXBuildFile; fileRef = 7A3591A023E39B2E00ECF1A6 /* MoviesViewController.swift */; };
		7A3591A723E3B20E00ECF1A6 /* MovieCell.swift in Sources */ = {isa = PBXBuildFile; fileRef = 7A3591A623E3B20E00ECF1A6 /* MovieCell.swift */; };
		7AA4709723ECA69E0079F6CE /* MovieGridDetailsViewController.swift in Sources */ = {isa = PBXBuildFile; fileRef = 7AA4709623ECA69E0079F6CE /* MovieGridDetailsViewController.swift */; };
		7AA6426323EB39FC004688E8 /* MovieDetailsViewController.swift in Sources */ = {isa = PBXBuildFile; fileRef = 7AA6426223EB39FC004688E8 /* MovieDetailsViewController.swift */; };
		7AA6426523EB5A21004688E8 /* MovieGridViewController.swift in Sources */ = {isa = PBXBuildFile; fileRef = 7AA6426423EB5A21004688E8 /* MovieGridViewController.swift */; };
		7AA6426723EB6046004688E8 /* MovieGridCell.swift in Sources */ = {isa = PBXBuildFile; fileRef = 7AA6426623EB6046004688E8 /* MovieGridCell.swift */; };
		9DA7CA4620F6F629DF863E8C /* Pods_flixTests.framework in Frameworks */ = {isa = PBXBuildFile; fileRef = 23B7B4A005441B64ADF7500F /* Pods_flixTests.framework */; };
		A87214A33E2F3C0A2172112B /* Pods_flix.framework in Frameworks */ = {isa = PBXBuildFile; fileRef = 952C47DD3E17EA1CBF3AABD3 /* Pods_flix.framework */; };
/* End PBXBuildFile section */

/* Begin PBXContainerItemProxy section */
		7A35919223E397E500ECF1A6 /* PBXContainerItemProxy */ = {
			isa = PBXContainerItemProxy;
			containerPortal = 7A35917323E397DF00ECF1A6 /* Project object */;
			proxyType = 1;
			remoteGlobalIDString = 7A35917A23E397E000ECF1A6;
			remoteInfo = flix;
		};
/* End PBXContainerItemProxy section */

/* Begin PBXFileReference section */
		23B7B4A005441B64ADF7500F /* Pods_flixTests.framework */ = {isa = PBXFileReference; explicitFileType = wrapper.framework; includeInIndex = 0; path = Pods_flixTests.framework; sourceTree = BUILT_PRODUCTS_DIR; };
		49E9468B4BAA16AA713F0396 /* Pods-flix.debug.xcconfig */ = {isa = PBXFileReference; includeInIndex = 1; lastKnownFileType = text.xcconfig; name = "Pods-flix.debug.xcconfig"; path = "Target Support Files/Pods-flix/Pods-flix.debug.xcconfig"; sourceTree = "<group>"; };
		5DFA16B92D88ECBC560B26B7 /* Pods-flix.release.xcconfig */ = {isa = PBXFileReference; includeInIndex = 1; lastKnownFileType = text.xcconfig; name = "Pods-flix.release.xcconfig"; path = "Target Support Files/Pods-flix/Pods-flix.release.xcconfig"; sourceTree = "<group>"; };
		7A35917B23E397E000ECF1A6 /* flix.app */ = {isa = PBXFileReference; explicitFileType = wrapper.application; includeInIndex = 0; path = flix.app; sourceTree = BUILT_PRODUCTS_DIR; };
		7A35917E23E397E000ECF1A6 /* AppDelegate.swift */ = {isa = PBXFileReference; lastKnownFileType = sourcecode.swift; path = AppDelegate.swift; sourceTree = "<group>"; };
		7A35918023E397E000ECF1A6 /* SceneDelegate.swift */ = {isa = PBXFileReference; lastKnownFileType = sourcecode.swift; path = SceneDelegate.swift; sourceTree = "<group>"; };
		7A35918523E397E000ECF1A6 /* Base */ = {isa = PBXFileReference; lastKnownFileType = file.storyboard; name = Base; path = Base.lproj/Main.storyboard; sourceTree = "<group>"; };
		7A35918723E397E500ECF1A6 /* Assets.xcassets */ = {isa = PBXFileReference; lastKnownFileType = folder.assetcatalog; path = Assets.xcassets; sourceTree = "<group>"; };
		7A35918A23E397E500ECF1A6 /* Base */ = {isa = PBXFileReference; lastKnownFileType = file.storyboard; name = Base; path = Base.lproj/LaunchScreen.storyboard; sourceTree = "<group>"; };
		7A35918C23E397E500ECF1A6 /* Info.plist */ = {isa = PBXFileReference; lastKnownFileType = text.plist.xml; path = Info.plist; sourceTree = "<group>"; };
		7A35919123E397E500ECF1A6 /* flixTests.xctest */ = {isa = PBXFileReference; explicitFileType = wrapper.cfbundle; includeInIndex = 0; path = flixTests.xctest; sourceTree = BUILT_PRODUCTS_DIR; };
		7A35919523E397E500ECF1A6 /* flixTests.swift */ = {isa = PBXFileReference; lastKnownFileType = sourcecode.swift; path = flixTests.swift; sourceTree = "<group>"; };
		7A35919723E397E500ECF1A6 /* Info.plist */ = {isa = PBXFileReference; lastKnownFileType = text.plist.xml; path = Info.plist; sourceTree = "<group>"; };
		7A3591A023E39B2E00ECF1A6 /* MoviesViewController.swift */ = {isa = PBXFileReference; lastKnownFileType = sourcecode.swift; path = MoviesViewController.swift; sourceTree = "<group>"; };
		7A3591A623E3B20E00ECF1A6 /* MovieCell.swift */ = {isa = PBXFileReference; lastKnownFileType = sourcecode.swift; path = MovieCell.swift; sourceTree = "<group>"; };
		7AA4709623ECA69E0079F6CE /* MovieGridDetailsViewController.swift */ = {isa = PBXFileReference; lastKnownFileType = sourcecode.swift; path = MovieGridDetailsViewController.swift; sourceTree = "<group>"; };
		7AA6426223EB39FC004688E8 /* MovieDetailsViewController.swift */ = {isa = PBXFileReference; lastKnownFileType = sourcecode.swift; path = MovieDetailsViewController.swift; sourceTree = "<group>"; };
		7AA6426423EB5A21004688E8 /* MovieGridViewController.swift */ = {isa = PBXFileReference; lastKnownFileType = sourcecode.swift; path = MovieGridViewController.swift; sourceTree = "<group>"; };
		7AA6426623EB6046004688E8 /* MovieGridCell.swift */ = {isa = PBXFileReference; lastKnownFileType = sourcecode.swift; path = MovieGridCell.swift; sourceTree = "<group>"; };
		952C47DD3E17EA1CBF3AABD3 /* Pods_flix.framework */ = {isa = PBXFileReference; explicitFileType = wrapper.framework; includeInIndex = 0; path = Pods_flix.framework; sourceTree = BUILT_PRODUCTS_DIR; };
		D2A5E3AE3F219947D96C7796 /* Pods-flixTests.release.xcconfig */ = {isa = PBXFileReference; includeInIndex = 1; lastKnownFileType = text.xcconfig; name = "Pods-flixTests.release.xcconfig"; path = "Target Support Files/Pods-flixTests/Pods-flixTests.release.xcconfig"; sourceTree = "<group>"; };
		FC7FE3DB5EF15BF50EF87CC5 /* Pods-flixTests.debug.xcconfig */ = {isa = PBXFileReference; includeInIndex = 1; lastKnownFileType = text.xcconfig; name = "Pods-flixTests.debug.xcconfig"; path = "Target Support Files/Pods-flixTests/Pods-flixTests.debug.xcconfig"; sourceTree = "<group>"; };
/* End PBXFileReference section */

/* Begin PBXFrameworksBuildPhase section */
		7A35917823E397E000ECF1A6 /* Frameworks */ = {
			isa = PBXFrameworksBuildPhase;
			buildActionMask = 2147483647;
			files = (
				A87214A33E2F3C0A2172112B /* Pods_flix.framework in Frameworks */,
			);
			runOnlyForDeploymentPostprocessing = 0;
		};
		7A35918E23E397E500ECF1A6 /* Frameworks */ = {
			isa = PBXFrameworksBuildPhase;
			buildActionMask = 2147483647;
			files = (
				9DA7CA4620F6F629DF863E8C /* Pods_flixTests.framework in Frameworks */,
			);
			runOnlyForDeploymentPostprocessing = 0;
		};
/* End PBXFrameworksBuildPhase section */

/* Begin PBXGroup section */
		5FADA403BD40DCBED5C69B7F /* Pods */ = {
			isa = PBXGroup;
			children = (
				49E9468B4BAA16AA713F0396 /* Pods-flix.debug.xcconfig */,
				5DFA16B92D88ECBC560B26B7 /* Pods-flix.release.xcconfig */,
				FC7FE3DB5EF15BF50EF87CC5 /* Pods-flixTests.debug.xcconfig */,
				D2A5E3AE3F219947D96C7796 /* Pods-flixTests.release.xcconfig */,
			);
			path = Pods;
			sourceTree = "<group>";
		};
		6C33F88D24C9C679EF8892EF /* Frameworks */ = {
			isa = PBXGroup;
			children = (
				952C47DD3E17EA1CBF3AABD3 /* Pods_flix.framework */,
				23B7B4A005441B64ADF7500F /* Pods_flixTests.framework */,
			);
			name = Frameworks;
			sourceTree = "<group>";
		};
		7A35917223E397DF00ECF1A6 = {
			isa = PBXGroup;
			children = (
				7A35917D23E397E000ECF1A6 /* flix */,
				7A35919423E397E500ECF1A6 /* flixTests */,
				7A35917C23E397E000ECF1A6 /* Products */,
				5FADA403BD40DCBED5C69B7F /* Pods */,
				6C33F88D24C9C679EF8892EF /* Frameworks */,
			);
			sourceTree = "<group>";
		};
		7A35917C23E397E000ECF1A6 /* Products */ = {
			isa = PBXGroup;
			children = (
				7A35917B23E397E000ECF1A6 /* flix.app */,
				7A35919123E397E500ECF1A6 /* flixTests.xctest */,
			);
			name = Products;
			sourceTree = "<group>";
		};
		7A35917D23E397E000ECF1A6 /* flix */ = {
			isa = PBXGroup;
			children = (
				7A35917E23E397E000ECF1A6 /* AppDelegate.swift */,
				7A35918023E397E000ECF1A6 /* SceneDelegate.swift */,
				7A35918423E397E000ECF1A6 /* Main.storyboard */,
				7AA4709623ECA69E0079F6CE /* MovieGridDetailsViewController.swift */,
				7AA6426623EB6046004688E8 /* MovieGridCell.swift */,
				7AA6426423EB5A21004688E8 /* MovieGridViewController.swift */,
				7AA6426223EB39FC004688E8 /* MovieDetailsViewController.swift */,
				7A3591A623E3B20E00ECF1A6 /* MovieCell.swift */,
				7A35918723E397E500ECF1A6 /* Assets.xcassets */,
				7A35918923E397E500ECF1A6 /* LaunchScreen.storyboard */,
				7A35918C23E397E500ECF1A6 /* Info.plist */,
				7A3591A023E39B2E00ECF1A6 /* MoviesViewController.swift */,
			);
			path = flix;
			sourceTree = "<group>";
		};
		7A35919423E397E500ECF1A6 /* flixTests */ = {
			isa = PBXGroup;
			children = (
				7A35919523E397E500ECF1A6 /* flixTests.swift */,
				7A35919723E397E500ECF1A6 /* Info.plist */,
			);
			path = flixTests;
			sourceTree = "<group>";
		};
/* End PBXGroup section */

/* Begin PBXNativeTarget section */
		7A35917A23E397E000ECF1A6 /* flix */ = {
			isa = PBXNativeTarget;
			buildConfigurationList = 7A35919A23E397E500ECF1A6 /* Build configuration list for PBXNativeTarget "flix" */;
			buildPhases = (
				8DA4B4C725EA7F714FFA09F3 /* [CP] Check Pods Manifest.lock */,
				7A35917723E397E000ECF1A6 /* Sources */,
				7A35917823E397E000ECF1A6 /* Frameworks */,
				7A35917923E397E000ECF1A6 /* Resources */,
				0C8DF0773353DA1BB1ADAABF /* [CP] Embed Pods Frameworks */,
			);
			buildRules = (
			);
			dependencies = (
			);
			name = flix;
			productName = flix;
			productReference = 7A35917B23E397E000ECF1A6 /* flix.app */;
			productType = "com.apple.product-type.application";
		};
		7A35919023E397E500ECF1A6 /* flixTests */ = {
			isa = PBXNativeTarget;
			buildConfigurationList = 7A35919D23E397E500ECF1A6 /* Build configuration list for PBXNativeTarget "flixTests" */;
			buildPhases = (
				26D302BCE8FFEA433F74AED5 /* [CP] Check Pods Manifest.lock */,
				7A35918D23E397E500ECF1A6 /* Sources */,
				7A35918E23E397E500ECF1A6 /* Frameworks */,
				7A35918F23E397E500ECF1A6 /* Resources */,
			);
			buildRules = (
			);
			dependencies = (
				7A35919323E397E500ECF1A6 /* PBXTargetDependency */,
			);
			name = flixTests;
			productName = flixTests;
			productReference = 7A35919123E397E500ECF1A6 /* flixTests.xctest */;
			productType = "com.apple.product-type.bundle.unit-test";
		};
/* End PBXNativeTarget section */

/* Begin PBXProject section */
		7A35917323E397DF00ECF1A6 /* Project object */ = {
			isa = PBXProject;
			attributes = {
				LastSwiftUpdateCheck = 1130;
				LastUpgradeCheck = 1130;
				ORGANIZATIONNAME = "Gabriel Rivera";
				TargetAttributes = {
					7A35917A23E397E000ECF1A6 = {
						CreatedOnToolsVersion = 11.3.1;
					};
					7A35919023E397E500ECF1A6 = {
						CreatedOnToolsVersion = 11.3.1;
						TestTargetID = 7A35917A23E397E000ECF1A6;
					};
				};
			};
			buildConfigurationList = 7A35917623E397DF00ECF1A6 /* Build configuration list for PBXProject "flix" */;
			compatibilityVersion = "Xcode 9.3";
			developmentRegion = en;
			hasScannedForEncodings = 0;
			knownRegions = (
				en,
				Base,
			);
			mainGroup = 7A35917223E397DF00ECF1A6;
			productRefGroup = 7A35917C23E397E000ECF1A6 /* Products */;
			projectDirPath = "";
			projectRoot = "";
			targets = (
				7A35917A23E397E000ECF1A6 /* flix */,
				7A35919023E397E500ECF1A6 /* flixTests */,
			);
		};
/* End PBXProject section */

/* Begin PBXResourcesBuildPhase section */
		7A35917923E397E000ECF1A6 /* Resources */ = {
			isa = PBXResourcesBuildPhase;
			buildActionMask = 2147483647;
			files = (
				7A35918B23E397E500ECF1A6 /* LaunchScreen.storyboard in Resources */,
				7A35918823E397E500ECF1A6 /* Assets.xcassets in Resources */,
				7A35918623E397E000ECF1A6 /* Main.storyboard in Resources */,
			);
			runOnlyForDeploymentPostprocessing = 0;
		};
		7A35918F23E397E500ECF1A6 /* Resources */ = {
			isa = PBXResourcesBuildPhase;
			buildActionMask = 2147483647;
			files = (
			);
			runOnlyForDeploymentPostprocessing = 0;
		};
/* End PBXResourcesBuildPhase section */

/* Begin PBXShellScriptBuildPhase section */
		0C8DF0773353DA1BB1ADAABF /* [CP] Embed Pods Frameworks */ = {
			isa = PBXShellScriptBuildPhase;
			buildActionMask = 2147483647;
			files = (
			);
			inputFileListPaths = (
				"${PODS_ROOT}/Target Support Files/Pods-flix/Pods-flix-frameworks-${CONFIGURATION}-input-files.xcfilelist",
			);
			name = "[CP] Embed Pods Frameworks";
			outputFileListPaths = (
				"${PODS_ROOT}/Target Support Files/Pods-flix/Pods-flix-frameworks-${CONFIGURATION}-output-files.xcfilelist",
			);
			runOnlyForDeploymentPostprocessing = 0;
			shellPath = /bin/sh;
			shellScript = "\"${PODS_ROOT}/Target Support Files/Pods-flix/Pods-flix-frameworks.sh\"\n";
			showEnvVarsInLog = 0;
		};
		26D302BCE8FFEA433F74AED5 /* [CP] Check Pods Manifest.lock */ = {
			isa = PBXShellScriptBuildPhase;
			buildActionMask = 2147483647;
			files = (
			);
			inputFileListPaths = (
			);
			inputPaths = (
				"${PODS_PODFILE_DIR_PATH}/Podfile.lock",
				"${PODS_ROOT}/Manifest.lock",
			);
			name = "[CP] Check Pods Manifest.lock";
			outputFileListPaths = (
			);
			outputPaths = (
				"$(DERIVED_FILE_DIR)/Pods-flixTests-checkManifestLockResult.txt",
			);
			runOnlyForDeploymentPostprocessing = 0;
			shellPath = /bin/sh;
			shellScript = "diff \"${PODS_PODFILE_DIR_PATH}/Podfile.lock\" \"${PODS_ROOT}/Manifest.lock\" > /dev/null\nif [ $? != 0 ] ; then\n    # print error to STDERR\n    echo \"error: The sandbox is not in sync with the Podfile.lock. Run 'pod install' or update your CocoaPods installation.\" >&2\n    exit 1\nfi\n# This output is used by Xcode 'outputs' to avoid re-running this script phase.\necho \"SUCCESS\" > \"${SCRIPT_OUTPUT_FILE_0}\"\n";
			showEnvVarsInLog = 0;
		};
		8DA4B4C725EA7F714FFA09F3 /* [CP] Check Pods Manifest.lock */ = {
			isa = PBXShellScriptBuildPhase;
			buildActionMask = 2147483647;
			files = (
			);
			inputFileListPaths = (
			);
			inputPaths = (
				"${PODS_PODFILE_DIR_PATH}/Podfile.lock",
				"${PODS_ROOT}/Manifest.lock",
			);
			name = "[CP] Check Pods Manifest.lock";
			outputFileListPaths = (
			);
			outputPaths = (
				"$(DERIVED_FILE_DIR)/Pods-flix-checkManifestLockResult.txt",
			);
			runOnlyForDeploymentPostprocessing = 0;
			shellPath = /bin/sh;
			shellScript = "diff \"${PODS_PODFILE_DIR_PATH}/Podfile.lock\" \"${PODS_ROOT}/Manifest.lock\" > /dev/null\nif [ $? != 0 ] ; then\n    # print error to STDERR\n    echo \"error: The sandbox is not in sync with the Podfile.lock. Run 'pod install' or update your CocoaPods installation.\" >&2\n    exit 1\nfi\n# This output is used by Xcode 'outputs' to avoid re-running this script phase.\necho \"SUCCESS\" > \"${SCRIPT_OUTPUT_FILE_0}\"\n";
			showEnvVarsInLog = 0;
		};
/* End PBXShellScriptBuildPhase section */

/* Begin PBXSourcesBuildPhase section */
		7A35917723E397E000ECF1A6 /* Sources */ = {
			isa = PBXSourcesBuildPhase;
			buildActionMask = 2147483647;
			files = (
				7AA6426323EB39FC004688E8 /* MovieDetailsViewController.swift in Sources */,
				7A35917F23E397E000ECF1A6 /* AppDelegate.swift in Sources */,
				7AA4709723ECA69E0079F6CE /* MovieGridDetailsViewController.swift in Sources */,
				7A35918123E397E000ECF1A6 /* SceneDelegate.swift in Sources */,
				7A3591A723E3B20E00ECF1A6 /* MovieCell.swift in Sources */,
				7A3591A123E39B2E00ECF1A6 /* MoviesViewController.swift in Sources */,
				7AA6426523EB5A21004688E8 /* MovieGridViewController.swift in Sources */,
				7AA6426723EB6046004688E8 /* MovieGridCell.swift in Sources */,
			);
			runOnlyForDeploymentPostprocessing = 0;
		};
		7A35918D23E397E500ECF1A6 /* Sources */ = {
			isa = PBXSourcesBuildPhase;
			buildActionMask = 2147483647;
			files = (
				7A35919623E397E500ECF1A6 /* flixTests.swift in Sources */,
			);
			runOnlyForDeploymentPostprocessing = 0;
		};
/* End PBXSourcesBuildPhase section */

/* Begin PBXTargetDependency section */
		7A35919323E397E500ECF1A6 /* PBXTargetDependency */ = {
			isa = PBXTargetDependency;
			target = 7A35917A23E397E000ECF1A6 /* flix */;
			targetProxy = 7A35919223E397E500ECF1A6 /* PBXContainerItemProxy */;
		};
/* End PBXTargetDependency section */

/* Begin PBXVariantGroup section */
		7A35918423E397E000ECF1A6 /* Main.storyboard */ = {
			isa = PBXVariantGroup;
			children = (
				7A35918523E397E000ECF1A6 /* Base */,
			);
			name = Main.storyboard;
			sourceTree = "<group>";
		};
		7A35918923E397E500ECF1A6 /* LaunchScreen.storyboard */ = {
			isa = PBXVariantGroup;
			children = (
				7A35918A23E397E500ECF1A6 /* Base */,
			);
			name = LaunchScreen.storyboard;
			sourceTree = "<group>";
		};
/* End PBXVariantGroup section */

/* Begin XCBuildConfiguration section */
		7A35919823E397E500ECF1A6 /* Debug */ = {
			isa = XCBuildConfiguration;
			buildSettings = {
				ALWAYS_SEARCH_USER_PATHS = NO;
				CLANG_ANALYZER_NONNULL = YES;
				CLANG_ANALYZER_NUMBER_OBJECT_CONVERSION = YES_AGGRESSIVE;
				CLANG_CXX_LANGUAGE_STANDARD = "gnu++14";
				CLANG_CXX_LIBRARY = "libc++";
				CLANG_ENABLE_MODULES = YES;
				CLANG_ENABLE_OBJC_ARC = YES;
				CLANG_ENABLE_OBJC_WEAK = YES;
				CLANG_WARN_BLOCK_CAPTURE_AUTORELEASING = YES;
				CLANG_WARN_BOOL_CONVERSION = YES;
				CLANG_WARN_COMMA = YES;
				CLANG_WARN_CONSTANT_CONVERSION = YES;
				CLANG_WARN_DEPRECATED_OBJC_IMPLEMENTATIONS = YES;
				CLANG_WARN_DIRECT_OBJC_ISA_USAGE = YES_ERROR;
				CLANG_WARN_DOCUMENTATION_COMMENTS = YES;
				CLANG_WARN_EMPTY_BODY = YES;
				CLANG_WARN_ENUM_CONVERSION = YES;
				CLANG_WARN_INFINITE_RECURSION = YES;
				CLANG_WARN_INT_CONVERSION = YES;
				CLANG_WARN_NON_LITERAL_NULL_CONVERSION = YES;
				CLANG_WARN_OBJC_IMPLICIT_RETAIN_SELF = YES;
				CLANG_WARN_OBJC_LITERAL_CONVERSION = YES;
				CLANG_WARN_OBJC_ROOT_CLASS = YES_ERROR;
				CLANG_WARN_RANGE_LOOP_ANALYSIS = YES;
				CLANG_WARN_STRICT_PROTOTYPES = YES;
				CLANG_WARN_SUSPICIOUS_MOVE = YES;
				CLANG_WARN_UNGUARDED_AVAILABILITY = YES_AGGRESSIVE;
				CLANG_WARN_UNREACHABLE_CODE = YES;
				CLANG_WARN__DUPLICATE_METHOD_MATCH = YES;
				COPY_PHASE_STRIP = NO;
				DEBUG_INFORMATION_FORMAT = dwarf;
				ENABLE_STRICT_OBJC_MSGSEND = YES;
				ENABLE_TESTABILITY = YES;
				GCC_C_LANGUAGE_STANDARD = gnu11;
				GCC_DYNAMIC_NO_PIC = NO;
				GCC_NO_COMMON_BLOCKS = YES;
				GCC_OPTIMIZATION_LEVEL = 0;
				GCC_PREPROCESSOR_DEFINITIONS = (
					"DEBUG=1",
					"$(inherited)",
				);
				GCC_WARN_64_TO_32_BIT_CONVERSION = YES;
				GCC_WARN_ABOUT_RETURN_TYPE = YES_ERROR;
				GCC_WARN_UNDECLARED_SELECTOR = YES;
				GCC_WARN_UNINITIALIZED_AUTOS = YES_AGGRESSIVE;
				GCC_WARN_UNUSED_FUNCTION = YES;
				GCC_WARN_UNUSED_VARIABLE = YES;
				IPHONEOS_DEPLOYMENT_TARGET = 13.2;
				MTL_ENABLE_DEBUG_INFO = INCLUDE_SOURCE;
				MTL_FAST_MATH = YES;
				ONLY_ACTIVE_ARCH = YES;
				SDKROOT = iphoneos;
				SWIFT_ACTIVE_COMPILATION_CONDITIONS = DEBUG;
				SWIFT_OPTIMIZATION_LEVEL = "-Onone";
			};
			name = Debug;
		};
		7A35919923E397E500ECF1A6 /* Release */ = {
			isa = XCBuildConfiguration;
			buildSettings = {
				ALWAYS_SEARCH_USER_PATHS = NO;
				CLANG_ANALYZER_NONNULL = YES;
				CLANG_ANALYZER_NUMBER_OBJECT_CONVERSION = YES_AGGRESSIVE;
				CLANG_CXX_LANGUAGE_STANDARD = "gnu++14";
				CLANG_CXX_LIBRARY = "libc++";
				CLANG_ENABLE_MODULES = YES;
				CLANG_ENABLE_OBJC_ARC = YES;
				CLANG_ENABLE_OBJC_WEAK = YES;
				CLANG_WARN_BLOCK_CAPTURE_AUTORELEASING = YES;
				CLANG_WARN_BOOL_CONVERSION = YES;
				CLANG_WARN_COMMA = YES;
				CLANG_WARN_CONSTANT_CONVERSION = YES;
				CLANG_WARN_DEPRECATED_OBJC_IMPLEMENTATIONS = YES;
				CLANG_WARN_DIRECT_OBJC_ISA_USAGE = YES_ERROR;
				CLANG_WARN_DOCUMENTATION_COMMENTS = YES;
				CLANG_WARN_EMPTY_BODY = YES;
				CLANG_WARN_ENUM_CONVERSION = YES;
				CLANG_WARN_INFINITE_RECURSION = YES;
				CLANG_WARN_INT_CONVERSION = YES;
				CLANG_WARN_NON_LITERAL_NULL_CONVERSION = YES;
				CLANG_WARN_OBJC_IMPLICIT_RETAIN_SELF = YES;
				CLANG_WARN_OBJC_LITERAL_CONVERSION = YES;
				CLANG_WARN_OBJC_ROOT_CLASS = YES_ERROR;
				CLANG_WARN_RANGE_LOOP_ANALYSIS = YES;
				CLANG_WARN_STRICT_PROTOTYPES = YES;
				CLANG_WARN_SUSPICIOUS_MOVE = YES;
				CLANG_WARN_UNGUARDED_AVAILABILITY = YES_AGGRESSIVE;
				CLANG_WARN_UNREACHABLE_CODE = YES;
				CLANG_WARN__DUPLICATE_METHOD_MATCH = YES;
				COPY_PHASE_STRIP = NO;
				DEBUG_INFORMATION_FORMAT = "dwarf-with-dsym";
				ENABLE_NS_ASSERTIONS = NO;
				ENABLE_STRICT_OBJC_MSGSEND = YES;
				GCC_C_LANGUAGE_STANDARD = gnu11;
				GCC_NO_COMMON_BLOCKS = YES;
				GCC_WARN_64_TO_32_BIT_CONVERSION = YES;
				GCC_WARN_ABOUT_RETURN_TYPE = YES_ERROR;
				GCC_WARN_UNDECLARED_SELECTOR = YES;
				GCC_WARN_UNINITIALIZED_AUTOS = YES_AGGRESSIVE;
				GCC_WARN_UNUSED_FUNCTION = YES;
				GCC_WARN_UNUSED_VARIABLE = YES;
				IPHONEOS_DEPLOYMENT_TARGET = 13.2;
				MTL_ENABLE_DEBUG_INFO = NO;
				MTL_FAST_MATH = YES;
				SDKROOT = iphoneos;
				SWIFT_COMPILATION_MODE = wholemodule;
				SWIFT_OPTIMIZATION_LEVEL = "-O";
				VALIDATE_PRODUCT = YES;
			};
			name = Release;
		};
		7A35919B23E397E500ECF1A6 /* Debug */ = {
			isa = XCBuildConfiguration;
			baseConfigurationReference = 49E9468B4BAA16AA713F0396 /* Pods-flix.debug.xcconfig */;
			buildSettings = {
				ASSETCATALOG_COMPILER_APPICON_NAME = AppIcon;
				CODE_SIGN_STYLE = Automatic;
				INFOPLIST_FILE = flix/Info.plist;
				LD_RUNPATH_SEARCH_PATHS = (
					"$(inherited)",
					"@executable_path/Frameworks",
				);
				PRODUCT_BUNDLE_IDENTIFIER = jonahrivera.flix;
				PRODUCT_NAME = "$(TARGET_NAME)";
				SWIFT_VERSION = 5.0;
				TARGETED_DEVICE_FAMILY = "1,2";
			};
			name = Debug;
		};
		7A35919C23E397E500ECF1A6 /* Release */ = {
			isa = XCBuildConfiguration;
			baseConfigurationReference = 5DFA16B92D88ECBC560B26B7 /* Pods-flix.release.xcconfig */;
			buildSettings = {
				ASSETCATALOG_COMPILER_APPICON_NAME = AppIcon;
				CODE_SIGN_STYLE = Automatic;
				INFOPLIST_FILE = flix/Info.plist;
				LD_RUNPATH_SEARCH_PATHS = (
					"$(inherited)",
					"@executable_path/Frameworks",
				);
				PRODUCT_BUNDLE_IDENTIFIER = jonahrivera.flix;
				PRODUCT_NAME = "$(TARGET_NAME)";
				SWIFT_VERSION = 5.0;
				TARGETED_DEVICE_FAMILY = "1,2";
			};
			name = Release;
		};
		7A35919E23E397E500ECF1A6 /* Debug */ = {
			isa = XCBuildConfiguration;
			baseConfigurationReference = FC7FE3DB5EF15BF50EF87CC5 /* Pods-flixTests.debug.xcconfig */;
			buildSettings = {
				ALWAYS_EMBED_SWIFT_STANDARD_LIBRARIES = YES;
				BUNDLE_LOADER = "$(TEST_HOST)";
				CODE_SIGN_STYLE = Automatic;
				INFOPLIST_FILE = flixTests/Info.plist;
				IPHONEOS_DEPLOYMENT_TARGET = 13.2;
				LD_RUNPATH_SEARCH_PATHS = (
					"$(inherited)",
					"@executable_path/Frameworks",
					"@loader_path/Frameworks",
				);
				PRODUCT_BUNDLE_IDENTIFIER = jonahrivera.flixTests;
				PRODUCT_NAME = "$(TARGET_NAME)";
				SWIFT_VERSION = 5.0;
				TARGETED_DEVICE_FAMILY = "1,2";
				TEST_HOST = "$(BUILT_PRODUCTS_DIR)/flix.app/flix";
			};
			name = Debug;
		};
		7A35919F23E397E500ECF1A6 /* Release */ = {
			isa = XCBuildConfiguration;
			baseConfigurationReference = D2A5E3AE3F219947D96C7796 /* Pods-flixTests.release.xcconfig */;
			buildSettings = {
				ALWAYS_EMBED_SWIFT_STANDARD_LIBRARIES = YES;
				BUNDLE_LOADER = "$(TEST_HOST)";
				CODE_SIGN_STYLE = Automatic;
				INFOPLIST_FILE = flixTests/Info.plist;
				IPHONEOS_DEPLOYMENT_TARGET = 13.2;
				LD_RUNPATH_SEARCH_PATHS = (
					"$(inherited)",
					"@executable_path/Frameworks",
					"@loader_path/Frameworks",
				);
				PRODUCT_BUNDLE_IDENTIFIER = jonahrivera.flixTests;
				PRODUCT_NAME = "$(TARGET_NAME)";
				SWIFT_VERSION = 5.0;
				TARGETED_DEVICE_FAMILY = "1,2";
				TEST_HOST = "$(BUILT_PRODUCTS_DIR)/flix.app/flix";
			};
			name = Release;
		};
/* End XCBuildConfiguration section */

/* Begin XCConfigurationList section */
		7A35917623E397DF00ECF1A6 /* Build configuration list for PBXProject "flix" */ = {
			isa = XCConfigurationList;
			buildConfigurations = (
				7A35919823E397E500ECF1A6 /* Debug */,
				7A35919923E397E500ECF1A6 /* Release */,
			);
			defaultConfigurationIsVisible = 0;
			defaultConfigurationName = Release;
		};
		7A35919A23E397E500ECF1A6 /* Build configuration list for PBXNativeTarget "flix" */ = {
			isa = XCConfigurationList;
			buildConfigurations = (
				7A35919B23E397E500ECF1A6 /* Debug */,
				7A35919C23E397E500ECF1A6 /* Release */,
			);
			defaultConfigurationIsVisible = 0;
			defaultConfigurationName = Release;
		};
		7A35919D23E397E500ECF1A6 /* Build configuration list for PBXNativeTarget "flixTests" */ = {
			isa = XCConfigurationList;
			buildConfigurations = (
				7A35919E23E397E500ECF1A6 /* Debug */,
				7A35919F23E397E500ECF1A6 /* Release */,
			);
			defaultConfigurationIsVisible = 0;
			defaultConfigurationName = Release;
		};
/* End XCConfigurationList section */
	};
	rootObject = 7A35917323E397DF00ECF1A6 /* Project object */;
}
